
Microsoft Visual Studio Solution File, Format Version 12.00
# Visual Studio 2012
Project("{FAE04EC0-301F-11D3-BF4B-00C04F79EFBC}") = "Dyd.BusinessMQ.Domain", "Dyd.BusinessMQ.Domain\Dyd.BusinessMQ.Domain.csproj", "{38E1AF24-7449-43B2-BBD7-91A8D686E1DB}"
EndProject
Project("{FAE04EC0-301F-11D3-BF4B-00C04F79EFBC}") = "Dyd.BusinessMQ.Core", "Dyd.BusinessMQ.Core\Dyd.BusinessMQ.Core.csproj", "{027B34B4-15DD-46C2-86E5-AD0C75583EF6}"
EndProject
Project("{FAE04EC0-301F-11D3-BF4B-00C04F79EFBC}") = "Dyd.BusinessMQ.Web", "Dyd.BusinessMQ.Web\Dyd.BusinessMQ.Web.csproj", "{5505F119-BAA4-462E-AD31-07EFF6A776CF}"
EndProject
Project("{FAE04EC0-301F-11D3-BF4B-00C04F79EFBC}") = "Dyd.BusinessMQ.Test", "Dyd.BusinessMQ.Test\Dyd.BusinessMQ.Test.csproj", "{F10B0AE6-D332-4902-981E-EF91CB7761D7}"
EndProject
Project("{FAE04EC0-301F-11D3-BF4B-00C04F79EFBC}") = "Dyd.BusinessMQ.Task", "Dyd.BusinessMQ.Task\Dyd.BusinessMQ.Task.csproj", "{1189447C-6DC0-4427-BCDC-DB5842E04E1E}"
EndProject
Project("{FAE04EC0-301F-11D3-BF4B-00C04F79EFBC}") = "XXF.BaseService.MessageQuque", "XXF.BaseService.MessageQuque\XXF.BaseService.MessageQuque.csproj", "{41DB8783-C049-42FE-8723-EFA314B6F07B}"
EndProject
Global
	GlobalSection(SolutionConfigurationPlatforms) = preSolution
		Debug|Any CPU = Debug|Any CPU
		Release|Any CPU = Release|Any CPU
	EndGlobalSection
	GlobalSection(ProjectConfigurationPlatforms) = postSolution
		{38E1AF24-7449-43B2-BBD7-91A8D686E1DB}.Debug|Any CPU.ActiveCfg = Debug|Any CPU
		{38E1AF24-7449-43B2-BBD7-91A8D686E1DB}.Debug|Any CPU.Build.0 = Debug|Any CPU
		{38E1AF24-7449-43B2-BBD7-91A8D686E1DB}.Release|Any CPU.ActiveCfg = Release|Any CPU
		{38E1AF24-7449-43B2-BBD7-91A8D686E1DB}.Release|Any CPU.Build.0 = Release|Any CPU
		{027B34B4-15DD-46C2-86E5-AD0C75583EF6}.Debug|Any CPU.ActiveCfg = Debug|Any CPU
		{027B34B4-15DD-46C2-86E5-AD0C75583EF6}.Debug|Any CPU.Build.0 = Debug|Any CPU
		{027B34B4-15DD-46C2-86E5-AD0C75583EF6}.Release|Any CPU.ActiveCfg = Release|Any CPU
		{027B34B4-15DD-46C2-86E5-AD0C75583EF6}.Release|Any CPU.Build.0 = Release|Any CPU
		{5505F119-BAA4-462E-AD31-07EFF6A776CF}.Debug|Any CPU.ActiveCfg = Debug|Any CPU
		{5505F119-BAA4-462E-AD31-07EFF6A776CF}.Debug|Any CPU.Build.0 = Debug|Any CPU
		{5505F119-BAA4-462E-AD31-07EFF6A776CF}.Release|Any CPU.ActiveCfg = Release|Any CPU
		{5505F119-BAA4-462E-AD31-07EFF6A776CF}.Release|Any CPU.Build.0 = Release|Any CPU
		{F10B0AE6-D332-4902-981E-EF91CB7761D7}.Debug|Any CPU.ActiveCfg = Debug|Any CPU
		{F10B0AE6-D332-4902-981E-EF91CB7761D7}.Debug|Any CPU.Build.0 = Debug|Any CPU
		{F10B0AE6-D332-4902-981E-EF91CB7761D7}.Release|Any CPU.ActiveCfg = Release|Any CPU
		{F10B0AE6-D332-4902-981E-EF91CB7761D7}.Release|Any CPU.Build.0 = Release|Any CPU
		{1189447C-6DC0-4427-BCDC-DB5842E04E1E}.Debug|Any CPU.ActiveCfg = Debug|Any CPU
		{1189447C-6DC0-4427-BCDC-DB5842E04E1E}.Debug|Any CPU.Build.0 = Debug|Any CPU
		{1189447C-6DC0-4427-BCDC-DB5842E04E1E}.Release|Any CPU.ActiveCfg = Release|Any CPU
		{1189447C-6DC0-4427-BCDC-DB5842E04E1E}.Release|Any CPU.Build.0 = Release|Any CPU
		{41DB8783-C049-42FE-8723-EFA314B6F07B}.Debug|Any CPU.ActiveCfg = Debug|Any CPU
		{41DB8783-C049-42FE-8723-EFA314B6F07B}.Debug|Any CPU.Build.0 = Debug|Any CPU
		{41DB8783-C049-42FE-8723-EFA314B6F07B}.Release|Any CPU.ActiveCfg = Release|Any CPU
		{41DB8783-C049-42FE-8723-EFA314B6F07B}.Release|Any CPU.Build.0 = Release|Any CPU
	EndGlobalSection
	GlobalSection(SolutionProperties) = preSolution
		HideSolutionNode = FALSE
	EndGlobalSection
EndGlobal
